
Microsoft Visual Studio Solution File, Format Version 12.00
# Visual Studio Version 17
VisualStudioVersion = 17.9.34728.123
MinimumVisualStudioVersion = 10.0.40219.1
Project("{9A19103F-16F7-4668-BE54-9A1E7A4F7556}") = "DisabledPeopleRegister", "DisabledPeopleRegister.csproj", "{BCAEFA4E-DAAA-4C69-A4E5-2E85CF40BD88}"
EndProject
Global
	GlobalSection(SolutionConfigurationPlatforms) = preSolution
		Debug|Any CPU = Debug|Any CPU
		Release|Any CPU = Release|Any CPU
	EndGlobalSection
	GlobalSection(ProjectConfigurationPlatforms) = postSolution
		{BCAEFA4E-DAAA-4C69-A4E5-2E85CF40BD88}.Debug|Any CPU.ActiveCfg = Debug|Any CPU
		{BCAEFA4E-DAAA-4C69-A4E5-2E85CF40BD88}.Debug|Any CPU.Build.0 = Debug|Any CPU
		{BCAEFA4E-DAAA-4C69-A4E5-2E85CF40BD88}.Release|Any CPU.ActiveCfg = Release|Any CPU
		{BCAEFA4E-DAAA-4C69-A4E5-2E85CF40BD88}.Release|Any CPU.Build.0 = Release|Any CPU
	EndGlobalSection
	GlobalSection(SolutionProperties) = preSolution
		HideSolutionNode = FALSE
	EndGlobalSection
	GlobalSection(ExtensibilityGlobals) = postSolution
		SolutionGuid = {B1785450-101E-47CF-ADEA-0E514C8C705F}
	EndGlobalSection
EndGlobal
